// !$*UTF8*$!
{
	archiveVersion = 1;
	classes = {
	};
	objectVersion = 56;
	objects = {

/* Begin PBXBuildFile section */
		691D4E932B5EAE7B002FF3B9 /* LocationSearchViewModel.swift in Sources */ = {isa = PBXBuildFile; fileRef = 691D4E922B5EAE7B002FF3B9 /* LocationSearchViewModel.swift */; };
		6947BCA22B5CC81700DF8135 /* UberCloneApp.swift in Sources */ = {isa = PBXBuildFile; fileRef = 6947BCA12B5CC81700DF8135 /* UberCloneApp.swift */; };
		6947BCA62B5CC81800DF8135 /* Assets.xcassets in Resources */ = {isa = PBXBuildFile; fileRef = 6947BCA52B5CC81800DF8135 /* Assets.xcassets */; };
		6947BCAA2B5CC81800DF8135 /* Preview Assets.xcassets in Resources */ = {isa = PBXBuildFile; fileRef = 6947BCA92B5CC81800DF8135 /* Preview Assets.xcassets */; };
		6947BCB72B5CC92500DF8135 /* HomeView.swift in Sources */ = {isa = PBXBuildFile; fileRef = 6947BCB62B5CC92500DF8135 /* HomeView.swift */; };
		6947BCBA2B5CCA1600DF8135 /* UberMapViewRepresentable.swift in Sources */ = {isa = PBXBuildFile; fileRef = 6947BCB92B5CCA1600DF8135 /* UberMapViewRepresentable.swift */; };
		6947BCBC2B5CCC7600DF8135 /* LocationManager.swift in Sources */ = {isa = PBXBuildFile; fileRef = 6947BCBB2B5CCC7600DF8135 /* LocationManager.swift */; };
		6947BCC22B5CD48F00DF8135 /* LocationSearchActivationView.swift in Sources */ = {isa = PBXBuildFile; fileRef = 6947BCC12B5CD48F00DF8135 /* LocationSearchActivationView.swift */; };
		6947BCC42B5CD62000DF8135 /* HomeActionButtonView.swift in Sources */ = {isa = PBXBuildFile; fileRef = 6947BCC32B5CD62000DF8135 /* HomeActionButtonView.swift */; };
		6947BCC62B5CD78800DF8135 /* LocationSearchView.swift in Sources */ = {isa = PBXBuildFile; fileRef = 6947BCC52B5CD78800DF8135 /* LocationSearchView.swift */; };
		6947BCC82B5CDA7A00DF8135 /* LocationSearchResultCell.swift in Sources */ = {isa = PBXBuildFile; fileRef = 6947BCC72B5CDA7A00DF8135 /* LocationSearchResultCell.swift */; };
/* End PBXBuildFile section */

/* Begin PBXFileReference section */
		691D4E922B5EAE7B002FF3B9 /* LocationSearchViewModel.swift */ = {isa = PBXFileReference; lastKnownFileType = sourcecode.swift; path = LocationSearchViewModel.swift; sourceTree = "<group>"; };
		6947BC9E2B5CC81700DF8135 /* UberClone.app */ = {isa = PBXFileReference; explicitFileType = wrapper.application; includeInIndex = 0; path = UberClone.app; sourceTree = BUILT_PRODUCTS_DIR; };
		6947BCA12B5CC81700DF8135 /* UberCloneApp.swift */ = {isa = PBXFileReference; lastKnownFileType = sourcecode.swift; path = UberCloneApp.swift; sourceTree = "<group>"; };
		6947BCA52B5CC81800DF8135 /* Assets.xcassets */ = {isa = PBXFileReference; lastKnownFileType = folder.assetcatalog; path = Assets.xcassets; sourceTree = "<group>"; };
		6947BCA72B5CC81800DF8135 /* UberClone.entitlements */ = {isa = PBXFileReference; lastKnownFileType = text.plist.entitlements; path = UberClone.entitlements; sourceTree = "<group>"; };
		6947BCA92B5CC81800DF8135 /* Preview Assets.xcassets */ = {isa = PBXFileReference; lastKnownFileType = folder.assetcatalog; path = "Preview Assets.xcassets"; sourceTree = "<group>"; };
		6947BCB62B5CC92500DF8135 /* HomeView.swift */ = {isa = PBXFileReference; lastKnownFileType = sourcecode.swift; path = HomeView.swift; sourceTree = "<group>"; };
		6947BCB92B5CCA1600DF8135 /* UberMapViewRepresentable.swift */ = {isa = PBXFileReference; lastKnownFileType = sourcecode.swift; path = UberMapViewRepresentable.swift; sourceTree = "<group>"; };
		6947BCBB2B5CCC7600DF8135 /* LocationManager.swift */ = {isa = PBXFileReference; lastKnownFileType = sourcecode.swift; path = LocationManager.swift; sourceTree = "<group>"; };
		6947BCC12B5CD48F00DF8135 /* LocationSearchActivationView.swift */ = {isa = PBXFileReference; lastKnownFileType = sourcecode.swift; path = LocationSearchActivationView.swift; sourceTree = "<group>"; };
		6947BCC32B5CD62000DF8135 /* HomeActionButtonView.swift */ = {isa = PBXFileReference; lastKnownFileType = sourcecode.swift; path = HomeActionButtonView.swift; sourceTree = "<group>"; };
		6947BCC52B5CD78800DF8135 /* LocationSearchView.swift */ = {isa = PBXFileReference; lastKnownFileType = sourcecode.swift; path = LocationSearchView.swift; sourceTree = "<group>"; };
		6947BCC72B5CDA7A00DF8135 /* LocationSearchResultCell.swift */ = {isa = PBXFileReference; lastKnownFileType = sourcecode.swift; path = LocationSearchResultCell.swift; sourceTree = "<group>"; };
/* End PBXFileReference section */

/* Begin PBXFrameworksBuildPhase section */
		6947BC9B2B5CC81700DF8135 /* Frameworks */ = {
			isa = PBXFrameworksBuildPhase;
			buildActionMask = 2147483647;
			files = (
			);
			runOnlyForDeploymentPostprocessing = 0;
		};
/* End PBXFrameworksBuildPhase section */

/* Begin PBXGroup section */
		6947BC952B5CC81700DF8135 = {
			isa = PBXGroup;
			children = (
				6947BCA02B5CC81700DF8135 /* UberClone */,
				6947BC9F2B5CC81700DF8135 /* Products */,
			);
			sourceTree = "<group>";
		};
		6947BC9F2B5CC81700DF8135 /* Products */ = {
			isa = PBXGroup;
			children = (
				6947BC9E2B5CC81700DF8135 /* UberClone.app */,
			);
			name = Products;
			sourceTree = "<group>";
		};
		6947BCA02B5CC81700DF8135 /* UberClone */ = {
			isa = PBXGroup;
			children = (
				6947BCB82B5CC92D00DF8135 /* Core */,
				6947BCB52B5CC8D000DF8135 /* App */,
				6947BCB02B5CC8AC00DF8135 /* Managers */,
				6947BCA52B5CC81800DF8135 /* Assets.xcassets */,
				6947BCA72B5CC81800DF8135 /* UberClone.entitlements */,
				6947BCA82B5CC81800DF8135 /* Preview Content */,
			);
			path = UberClone;
			sourceTree = "<group>";
		};
		6947BCA82B5CC81800DF8135 /* Preview Content */ = {
			isa = PBXGroup;
			children = (
				6947BCA92B5CC81800DF8135 /* Preview Assets.xcassets */,
			);
			path = "Preview Content";
			sourceTree = "<group>";
		};
		6947BCB02B5CC8AC00DF8135 /* Managers */ = {
			isa = PBXGroup;
			children = (
				6947BCBB2B5CCC7600DF8135 /* LocationManager.swift */,
			);
			path = Managers;
			sourceTree = "<group>";
		};
		6947BCB22B5CC8BC00DF8135 /* Model */ = {
			isa = PBXGroup;
			children = (
			);
			path = Model;
			sourceTree = "<group>";
		};
		6947BCB32B5CC8BF00DF8135 /* ViewModel */ = {
			isa = PBXGroup;
			children = (
			);
			path = ViewModel;
			sourceTree = "<group>";
		};
		6947BCB42B5CC8C700DF8135 /* View */ = {
			isa = PBXGroup;
			children = (
				6947BCB62B5CC92500DF8135 /* HomeView.swift */,
				6947BCB92B5CCA1600DF8135 /* UberMapViewRepresentable.swift */,
				6947BCC32B5CD62000DF8135 /* HomeActionButtonView.swift */,
			);
			path = View;
			sourceTree = "<group>";
		};
		6947BCB52B5CC8D000DF8135 /* App */ = {
			isa = PBXGroup;
			children = (
				6947BCA12B5CC81700DF8135 /* UberCloneApp.swift */,
			);
			path = App;
			sourceTree = "<group>";
		};
		6947BCB82B5CC92D00DF8135 /* Core */ = {
			isa = PBXGroup;
			children = (
				6947BCBE2B5CD45700DF8135 /* Home */,
				6947BCBD2B5CD44D00DF8135 /* LocationSearch */,
				6947BCB22B5CC8BC00DF8135 /* Model */,
			);
			path = Core;
			sourceTree = "<group>";
		};
		6947BCBD2B5CD44D00DF8135 /* LocationSearch */ = {
			isa = PBXGroup;
			children = (
				6947BCC02B5CD47700DF8135 /* View */,
				6947BCBF2B5CD46E00DF8135 /* ViewModel */,
			);
			path = LocationSearch;
			sourceTree = "<group>";
		};
		6947BCBE2B5CD45700DF8135 /* Home */ = {
			isa = PBXGroup;
			children = (
				6947BCB42B5CC8C700DF8135 /* View */,
				6947BCB32B5CC8BF00DF8135 /* ViewModel */,
			);
			path = Home;
			sourceTree = "<group>";
		};
		6947BCBF2B5CD46E00DF8135 /* ViewModel */ = {
			isa = PBXGroup;
			children = (
				691D4E922B5EAE7B002FF3B9 /* LocationSearchViewModel.swift */,
			);
			path = ViewModel;
			sourceTree = "<group>";
		};
		6947BCC02B5CD47700DF8135 /* View */ = {
			isa = PBXGroup;
			children = (
				6947BCC12B5CD48F00DF8135 /* LocationSearchActivationView.swift */,
				6947BCC52B5CD78800DF8135 /* LocationSearchView.swift */,
				6947BCC72B5CDA7A00DF8135 /* LocationSearchResultCell.swift */,
			);
			path = View;
			sourceTree = "<group>";
		};
/* End PBXGroup section */

/* Begin PBXNativeTarget section */
		6947BC9D2B5CC81700DF8135 /* UberClone */ = {
			isa = PBXNativeTarget;
			buildConfigurationList = 6947BCAD2B5CC81800DF8135 /* Build configuration list for PBXNativeTarget "UberClone" */;
			buildPhases = (
				6947BC9A2B5CC81700DF8135 /* Sources */,
				6947BC9B2B5CC81700DF8135 /* Frameworks */,
				6947BC9C2B5CC81700DF8135 /* Resources */,
			);
			buildRules = (
			);
			dependencies = (
			);
			name = UberClone;
			productName = UberClone;
			productReference = 6947BC9E2B5CC81700DF8135 /* UberClone.app */;
			productType = "com.apple.product-type.application";
		};
/* End PBXNativeTarget section */

/* Begin PBXProject section */
		6947BC962B5CC81700DF8135 /* Project object */ = {
			isa = PBXProject;
			attributes = {
				BuildIndependentTargetsInParallel = 1;
				LastSwiftUpdateCheck = 1500;
				LastUpgradeCheck = 1500;
				TargetAttributes = {
					6947BC9D2B5CC81700DF8135 = {
						CreatedOnToolsVersion = 15.0;
					};
				};
			};
			buildConfigurationList = 6947BC992B5CC81700DF8135 /* Build configuration list for PBXProject "UberClone" */;
			compatibilityVersion = "Xcode 14.0";
			developmentRegion = en;
			hasScannedForEncodings = 0;
			knownRegions = (
				en,
				Base,
			);
			mainGroup = 6947BC952B5CC81700DF8135;
			productRefGroup = 6947BC9F2B5CC81700DF8135 /* Products */;
			projectDirPath = "";
			projectRoot = "";
			targets = (
				6947BC9D2B5CC81700DF8135 /* UberClone */,
			);
		};
/* End PBXProject section */

/* Begin PBXResourcesBuildPhase section */
		6947BC9C2B5CC81700DF8135 /* Resources */ = {
			isa = PBXResourcesBuildPhase;
			buildActionMask = 2147483647;
			files = (
				6947BCAA2B5CC81800DF8135 /* Preview Assets.xcassets in Resources */,
				6947BCA62B5CC81800DF8135 /* Assets.xcassets in Resources */,
			);
			runOnlyForDeploymentPostprocessing = 0;
		};
/* End PBXResourcesBuildPhase section */

/* Begin PBXSourcesBuildPhase section */
		6947BC9A2B5CC81700DF8135 /* Sources */ = {
			isa = PBXSourcesBuildPhase;
			buildActionMask = 2147483647;
			files = (
				691D4E932B5EAE7B002FF3B9 /* LocationSearchViewModel.swift in Sources */,
				6947BCC62B5CD78800DF8135 /* LocationSearchView.swift in Sources */,
				6947BCBC2B5CCC7600DF8135 /* LocationManager.swift in Sources */,
				6947BCC42B5CD62000DF8135 /* HomeActionButtonView.swift in Sources */,
				6947BCA22B5CC81700DF8135 /* UberCloneApp.swift in Sources */,
				6947BCBA2B5CCA1600DF8135 /* UberMapViewRepresentable.swift in Sources */,
				6947BCB72B5CC92500DF8135 /* HomeView.swift in Sources */,
				6947BCC22B5CD48F00DF8135 /* LocationSearchActivationView.swift in Sources */,
				6947BCC82B5CDA7A00DF8135 /* LocationSearchResultCell.swift in Sources */,
			);
			runOnlyForDeploymentPostprocessing = 0;
		};
/* End PBXSourcesBuildPhase section */

/* Begin XCBuildConfiguration section */
		6947BCAB2B5CC81800DF8135 /* Debug */ = {
			isa = XCBuildConfiguration;
			buildSettings = {
				ALWAYS_SEARCH_USER_PATHS = NO;
				ASSETCATALOG_COMPILER_GENERATE_SWIFT_ASSET_SYMBOL_EXTENSIONS = YES;
				CLANG_ANALYZER_NONNULL = YES;
				CLANG_ANALYZER_NUMBER_OBJECT_CONVERSION = YES_AGGRESSIVE;
				CLANG_CXX_LANGUAGE_STANDARD = "gnu++20";
				CLANG_ENABLE_MODULES = YES;
				CLANG_ENABLE_OBJC_ARC = YES;
				CLANG_ENABLE_OBJC_WEAK = YES;
				CLANG_WARN_BLOCK_CAPTURE_AUTORELEASING = YES;
				CLANG_WARN_BOOL_CONVERSION = YES;
				CLANG_WARN_COMMA = YES;
				CLANG_WARN_CONSTANT_CONVERSION = YES;
				CLANG_WARN_DEPRECATED_OBJC_IMPLEMENTATIONS = YES;
				CLANG_WARN_DIRECT_OBJC_ISA_USAGE = YES_ERROR;
				CLANG_WARN_DOCUMENTATION_COMMENTS = YES;
				CLANG_WARN_EMPTY_BODY = YES;
				CLANG_WARN_ENUM_CONVERSION = YES;
				CLANG_WARN_INFINITE_RECURSION = YES;
				CLANG_WARN_INT_CONVERSION = YES;
				CLANG_WARN_NON_LITERAL_NULL_CONVERSION = YES;
				CLANG_WARN_OBJC_IMPLICIT_RETAIN_SELF = YES;
				CLANG_WARN_OBJC_LITERAL_CONVERSION = YES;
				CLANG_WARN_OBJC_ROOT_CLASS = YES_ERROR;
				CLANG_WARN_QUOTED_INCLUDE_IN_FRAMEWORK_HEADER = YES;
				CLANG_WARN_RANGE_LOOP_ANALYSIS = YES;
				CLANG_WARN_STRICT_PROTOTYPES = YES;
				CLANG_WARN_SUSPICIOUS_MOVE = YES;
				CLANG_WARN_UNGUARDED_AVAILABILITY = YES_AGGRESSIVE;
				CLANG_WARN_UNREACHABLE_CODE = YES;
				CLANG_WARN__DUPLICATE_METHOD_MATCH = YES;
				COPY_PHASE_STRIP = NO;
				DEBUG_INFORMATION_FORMAT = dwarf;
				ENABLE_STRICT_OBJC_MSGSEND = YES;
				ENABLE_TESTABILITY = YES;
				ENABLE_USER_SCRIPT_SANDBOXING = YES;
				GCC_C_LANGUAGE_STANDARD = gnu17;
				GCC_DYNAMIC_NO_PIC = NO;
				GCC_NO_COMMON_BLOCKS = YES;
				GCC_OPTIMIZATION_LEVEL = 0;
				GCC_PREPROCESSOR_DEFINITIONS = (
					"DEBUG=1",
					"$(inherited)",
				);
				GCC_WARN_64_TO_32_BIT_CONVERSION = YES;
				GCC_WARN_ABOUT_RETURN_TYPE = YES_ERROR;
				GCC_WARN_UNDECLARED_SELECTOR = YES;
				GCC_WARN_UNINITIALIZED_AUTOS = YES_AGGRESSIVE;
				GCC_WARN_UNUSED_FUNCTION = YES;
				GCC_WARN_UNUSED_VARIABLE = YES;
				LOCALIZATION_PREFERS_STRING_CATALOGS = YES;
				MTL_ENABLE_DEBUG_INFO = INCLUDE_SOURCE;
				MTL_FAST_MATH = YES;
				ONLY_ACTIVE_ARCH = YES;
				SWIFT_ACTIVE_COMPILATION_CONDITIONS = "DEBUG $(inherited)";
				SWIFT_OPTIMIZATION_LEVEL = "-Onone";
			};
			name = Debug;
		};
		6947BCAC2B5CC81800DF8135 /* Release */ = {
			isa = XCBuildConfiguration;
			buildSettings = {
				ALWAYS_SEARCH_USER_PATHS = NO;
				ASSETCATALOG_COMPILER_GENERATE_SWIFT_ASSET_SYMBOL_EXTENSIONS = YES;
				CLANG_ANALYZER_NONNULL = YES;
				CLANG_ANALYZER_NUMBER_OBJECT_CONVERSION = YES_AGGRESSIVE;
				CLANG_CXX_LANGUAGE_STANDARD = "gnu++20";
				CLANG_ENABLE_MODULES = YES;
				CLANG_ENABLE_OBJC_ARC = YES;
				CLANG_ENABLE_OBJC_WEAK = YES;
				CLANG_WARN_BLOCK_CAPTURE_AUTORELEASING = YES;
				CLANG_WARN_BOOL_CONVERSION = YES;
				CLANG_WARN_COMMA = YES;
				CLANG_WARN_CONSTANT_CONVERSION = YES;
				CLANG_WARN_DEPRECATED_OBJC_IMPLEMENTATIONS = YES;
				CLANG_WARN_DIRECT_OBJC_ISA_USAGE = YES_ERROR;
				CLANG_WARN_DOCUMENTATION_COMMENTS = YES;
				CLANG_WARN_EMPTY_BODY = YES;
				CLANG_WARN_ENUM_CONVERSION = YES;
				CLANG_WARN_INFINITE_RECURSION = YES;
				CLANG_WARN_INT_CONVERSION = YES;
				CLANG_WARN_NON_LITERAL_NULL_CONVERSION = YES;
				CLANG_WARN_OBJC_IMPLICIT_RETAIN_SELF = YES;
				CLANG_WARN_OBJC_LITERAL_CONVERSION = YES;
				CLANG_WARN_OBJC_ROOT_CLASS = YES_ERROR;
				CLANG_WARN_QUOTED_INCLUDE_IN_FRAMEWORK_HEADER = YES;
				CLANG_WARN_RANGE_LOOP_ANALYSIS = YES;
				CLANG_WARN_STRICT_PROTOTYPES = YES;
				CLANG_WARN_SUSPICIOUS_MOVE = YES;
				CLANG_WARN_UNGUARDED_AVAILABILITY = YES_AGGRESSIVE;
				CLANG_WARN_UNREACHABLE_CODE = YES;
				CLANG_WARN__DUPLICATE_METHOD_MATCH = YES;
				COPY_PHASE_STRIP = NO;
				DEBUG_INFORMATION_FORMAT = "dwarf-with-dsym";
				ENABLE_NS_ASSERTIONS = NO;
				ENABLE_STRICT_OBJC_MSGSEND = YES;
				ENABLE_USER_SCRIPT_SANDBOXING = YES;
				GCC_C_LANGUAGE_STANDARD = gnu17;
				GCC_NO_COMMON_BLOCKS = YES;
				GCC_WARN_64_TO_32_BIT_CONVERSION = YES;
				GCC_WARN_ABOUT_RETURN_TYPE = YES_ERROR;
				GCC_WARN_UNDECLARED_SELECTOR = YES;
				GCC_WARN_UNINITIALIZED_AUTOS = YES_AGGRESSIVE;
				GCC_WARN_UNUSED_FUNCTION = YES;
				GCC_WARN_UNUSED_VARIABLE = YES;
				LOCALIZATION_PREFERS_STRING_CATALOGS = YES;
				MTL_ENABLE_DEBUG_INFO = NO;
				MTL_FAST_MATH = YES;
				SWIFT_COMPILATION_MODE = wholemodule;
			};
			name = Release;
		};
		6947BCAE2B5CC81800DF8135 /* Debug */ = {
			isa = XCBuildConfiguration;
			buildSettings = {
				ASSETCATALOG_COMPILER_APPICON_NAME = AppIcon;
				ASSETCATALOG_COMPILER_GLOBAL_ACCENT_COLOR_NAME = AccentColor;
				CODE_SIGN_ENTITLEMENTS = UberClone/UberClone.entitlements;
				CODE_SIGN_STYLE = Automatic;
				CURRENT_PROJECT_VERSION = 1;
				DEVELOPMENT_ASSET_PATHS = "\"UberClone/Preview Content\"";
				ENABLE_PREVIEWS = YES;
				GENERATE_INFOPLIST_FILE = YES;
				INFOPLIST_KEY_NSLocationWhenInUseUsageDescription = "Please allow us to get your location for providing better route and pricing.";
				"INFOPLIST_KEY_UIApplicationSceneManifest_Generation[sdk=iphoneos*]" = YES;
				"INFOPLIST_KEY_UIApplicationSceneManifest_Generation[sdk=iphonesimulator*]" = YES;
				"INFOPLIST_KEY_UIApplicationSupportsIndirectInputEvents[sdk=iphoneos*]" = YES;
				"INFOPLIST_KEY_UIApplicationSupportsIndirectInputEvents[sdk=iphonesimulator*]" = YES;
				"INFOPLIST_KEY_UILaunchScreen_Generation[sdk=iphoneos*]" = YES;
				"INFOPLIST_KEY_UILaunchScreen_Generation[sdk=iphonesimulator*]" = YES;
				"INFOPLIST_KEY_UIStatusBarStyle[sdk=iphoneos*]" = UIStatusBarStyleDefault;
				"INFOPLIST_KEY_UIStatusBarStyle[sdk=iphonesimulator*]" = UIStatusBarStyleDefault;
				INFOPLIST_KEY_UISupportedInterfaceOrientations_iPad = "UIInterfaceOrientationPortrait UIInterfaceOrientationPortraitUpsideDown UIInterfaceOrientationLandscapeLeft UIInterfaceOrientationLandscapeRight";
				INFOPLIST_KEY_UISupportedInterfaceOrientations_iPhone = "UIInterfaceOrientationPortrait UIInterfaceOrientationLandscapeLeft UIInterfaceOrientationLandscapeRight";
				IPHONEOS_DEPLOYMENT_TARGET = 17.0;
				LD_RUNPATH_SEARCH_PATHS = "@executable_path/Frameworks";
				"LD_RUNPATH_SEARCH_PATHS[sdk=macosx*]" = "@executable_path/../Frameworks";
				MACOSX_DEPLOYMENT_TARGET = 13.6;
				MARKETING_VERSION = 1.0;
				PRODUCT_BUNDLE_IDENTIFIER = com.kailash.UberClone;
				PRODUCT_NAME = "$(TARGET_NAME)";
				SDKROOT = auto;
				SUPPORTED_PLATFORMS = "iphoneos iphonesimulator macosx";
				SWIFT_EMIT_LOC_STRINGS = YES;
				SWIFT_VERSION = 5.0;
				TARGETED_DEVICE_FAMILY = "1,2";
			};
			name = Debug;
		};
		6947BCAF2B5CC81800DF8135 /* Release */ = {
			isa = XCBuildConfiguration;
			buildSettings = {
				ASSETCATALOG_COMPILER_APPICON_NAME = AppIcon;
				ASSETCATALOG_COMPILER_GLOBAL_ACCENT_COLOR_NAME = AccentColor;
				CODE_SIGN_ENTITLEMENTS = UberClone/UberClone.entitlements;
				CODE_SIGN_STYLE = Automatic;
				CURRENT_PROJECT_VERSION = 1;
				DEVELOPMENT_ASSET_PATHS = "\"UberClone/Preview Content\"";
				ENABLE_PREVIEWS = YES;
				GENERATE_INFOPLIST_FILE = YES;
				INFOPLIST_KEY_NSLocationWhenInUseUsageDescription = "Please allow us to get your location for providing better route and pricing.";
				"INFOPLIST_KEY_UIApplicationSceneManifest_Generation[sdk=iphoneos*]" = YES;
				"INFOPLIST_KEY_UIApplicationSceneManifest_Generation[sdk=iphonesimulator*]" = YES;
				"INFOPLIST_KEY_UIApplicationSupportsIndirectInputEvents[sdk=iphoneos*]" = YES;
				"INFOPLIST_KEY_UIApplicationSupportsIndirectInputEvents[sdk=iphonesimulator*]" = YES;
				"INFOPLIST_KEY_UILaunchScreen_Generation[sdk=iphoneos*]" = YES;
				"INFOPLIST_KEY_UILaunchScreen_Generation[sdk=iphonesimulator*]" = YES;
				"INFOPLIST_KEY_UIStatusBarStyle[sdk=iphoneos*]" = UIStatusBarStyleDefault;
				"INFOPLIST_KEY_UIStatusBarStyle[sdk=iphonesimulator*]" = UIStatusBarStyleDefault;
				INFOPLIST_KEY_UISupportedInterfaceOrientations_iPad = "UIInterfaceOrientationPortrait UIInterfaceOrientationPortraitUpsideDown UIInterfaceOrientationLandscapeLeft UIInterfaceOrientationLandscapeRight";
				INFOPLIST_KEY_UISupportedInterfaceOrientations_iPhone = "UIInterfaceOrientationPortrait UIInterfaceOrientationLandscapeLeft UIInterfaceOrientationLandscapeRight";
				IPHONEOS_DEPLOYMENT_TARGET = 17.0;
				LD_RUNPATH_SEARCH_PATHS = "@executable_path/Frameworks";
				"LD_RUNPATH_SEARCH_PATHS[sdk=macosx*]" = "@executable_path/../Frameworks";
				MACOSX_DEPLOYMENT_TARGET = 13.6;
				MARKETING_VERSION = 1.0;
				PRODUCT_BUNDLE_IDENTIFIER = com.kailash.UberClone;
				PRODUCT_NAME = "$(TARGET_NAME)";
				SDKROOT = auto;
				SUPPORTED_PLATFORMS = "iphoneos iphonesimulator macosx";
				SWIFT_EMIT_LOC_STRINGS = YES;
				SWIFT_VERSION = 5.0;
				TARGETED_DEVICE_FAMILY = "1,2";
			};
			name = Release;
		};
/* End XCBuildConfiguration section */

/* Begin XCConfigurationList section */
		6947BC992B5CC81700DF8135 /* Build configuration list for PBXProject "UberClone" */ = {
			isa = XCConfigurationList;
			buildConfigurations = (
				6947BCAB2B5CC81800DF8135 /* Debug */,
				6947BCAC2B5CC81800DF8135 /* Release */,
			);
			defaultConfigurationIsVisible = 0;
			defaultConfigurationName = Release;
		};
		6947BCAD2B5CC81800DF8135 /* Build configuration list for PBXNativeTarget "UberClone" */ = {
			isa = XCConfigurationList;
			buildConfigurations = (
				6947BCAE2B5CC81800DF8135 /* Debug */,
				6947BCAF2B5CC81800DF8135 /* Release */,
			);
			defaultConfigurationIsVisible = 0;
			defaultConfigurationName = Release;
		};
/* End XCConfigurationList section */
	};
	rootObject = 6947BC962B5CC81700DF8135 /* Project object */;
}
